
Microsoft Visual Studio Solution File, Format Version 12.00
# Visual Studio Version 17
VisualStudioVersion = 17.10.35122.118
MinimumVisualStudioVersion = 10.0.40219.1
Project("{8BC9CEB8-8B4A-11D0-8D11-00A0C91BC942}") = "变量与常量", "变量与常量.vcxproj", "{0666A451-EA6F-49C9-873F-0214AE9F4CAF}"
EndProject
Global
	GlobalSection(SolutionConfigurationPlatforms) = preSolution
		Debug|x64 = Debug|x64
		Debug|x86 = Debug|x86
		Release|x64 = Release|x64
		Release|x86 = Release|x86
	EndGlobalSection
	GlobalSection(ProjectConfigurationPlatforms) = postSolution
		{0666A451-EA6F-49C9-873F-0214AE9F4CAF}.Debug|x64.ActiveCfg = Debug|x64
		{0666A451-EA6F-49C9-873F-0214AE9F4CAF}.Debug|x64.Build.0 = Debug|x64
		{0666A451-EA6F-49C9-873F-0214AE9F4CAF}.Debug|x86.ActiveCfg = Debug|Win32
		{0666A451-EA6F-49C9-873F-0214AE9F4CAF}.Debug|x86.Build.0 = Debug|Win32
		{0666A451-EA6F-49C9-873F-0214AE9F4CAF}.Release|x64.ActiveCfg = Release|x64
		{0666A451-EA6F-49C9-873F-0214AE9F4CAF}.Release|x64.Build.0 = Release|x64
		{0666A451-EA6F-49C9-873F-0214AE9F4CAF}.Release|x86.ActiveCfg = Release|Win32
		{0666A451-EA6F-49C9-873F-0214AE9F4CAF}.Release|x86.Build.0 = Release|Win32
	EndGlobalSection
	GlobalSection(SolutionProperties) = preSolution
		HideSolutionNode = FALSE
	EndGlobalSection
	GlobalSection(ExtensibilityGlobals) = postSolution
		SolutionGuid = {A2C0C493-8178-4970-83B1-1C2B89606AEE}
	EndGlobalSection
EndGlobal
